
Microsoft Visual Studio Solution File, Format Version 12.00
# Visual Studio Version 16
VisualStudioVersion = 16.0.30204.135
MinimumVisualStudioVersion = 10.0.40219.1
Project("{FAE04EC0-301F-11D3-BF4B-00C04F79EFBC}") = "16 May Step Ders", "16 May Step Ders\16 May Step Ders.csproj", "{373ACCAB-EA07-4F80-ADB9-44FC67406500}"
EndProject
Global
	GlobalSection(SolutionConfigurationPlatforms) = preSolution
		Debug|Any CPU = Debug|Any CPU
		Release|Any CPU = Release|Any CPU
	EndGlobalSection
	GlobalSection(ProjectConfigurationPlatforms) = postSolution
		{373ACCAB-EA07-4F80-ADB9-44FC67406500}.Debug|Any CPU.ActiveCfg = Debug|Any CPU
		{373ACCAB-EA07-4F80-ADB9-44FC67406500}.Debug|Any CPU.Build.0 = Debug|Any CPU
		{373ACCAB-EA07-4F80-ADB9-44FC67406500}.Release|Any CPU.ActiveCfg = Release|Any CPU
		{373ACCAB-EA07-4F80-ADB9-44FC67406500}.Release|Any CPU.Build.0 = Release|Any CPU
	EndGlobalSection
	GlobalSection(SolutionProperties) = preSolution
		HideSolutionNode = FALSE
	EndGlobalSection
	GlobalSection(ExtensibilityGlobals) = postSolution
		SolutionGuid = {423BB448-7899-40E1-89EA-EA868771D260}
	EndGlobalSection
EndGlobal
